
Microsoft Visual Studio Solution File, Format Version 12.00
# Visual Studio Version 17
VisualStudioVersion = 17.4.33213.308
MinimumVisualStudioVersion = 10.0.40219.1
Project("{FAE04EC0-301F-11D3-BF4B-00C04F79EFBC}") = "MagicVilla_API", "MagicVilla_API\MagicVilla_API.csproj", "{03E991D4-718F-4B5F-A6F9-12987D54CAE2}"
EndProject
Global
	GlobalSection(SolutionConfigurationPlatforms) = preSolution
		Debug|Any CPU = Debug|Any CPU
		Release|Any CPU = Release|Any CPU
	EndGlobalSection
	GlobalSection(ProjectConfigurationPlatforms) = postSolution
		{03E991D4-718F-4B5F-A6F9-12987D54CAE2}.Debug|Any CPU.ActiveCfg = Debug|Any CPU
		{03E991D4-718F-4B5F-A6F9-12987D54CAE2}.Debug|Any CPU.Build.0 = Debug|Any CPU
		{03E991D4-718F-4B5F-A6F9-12987D54CAE2}.Release|Any CPU.ActiveCfg = Release|Any CPU
		{03E991D4-718F-4B5F-A6F9-12987D54CAE2}.Release|Any CPU.Build.0 = Release|Any CPU
	EndGlobalSection
	GlobalSection(SolutionProperties) = preSolution
		HideSolutionNode = FALSE
	EndGlobalSection
	GlobalSection(ExtensibilityGlobals) = postSolution
		SolutionGuid = {233B7B1B-F4D4-4E84-8588-7A0621439D4E}
	EndGlobalSection
EndGlobal
